
Microsoft Visual Studio Solution File, Format Version 12.00
# Visual Studio Version 17
VisualStudioVersion = 17.13.35919.96 d17.13
MinimumVisualStudioVersion = 10.0.40219.1
Project("{8BC9CEB8-8B4A-11D0-8D11-00A0C91BC942}") = "course4(6-10)", "course4(6-10)\course4(6-10).vcxproj", "{D3E1B27B-7F0C-4B8C-833A-7D5CBAB90305}"
EndProject
Global
	GlobalSection(SolutionConfigurationPlatforms) = preSolution
		Debug|x64 = Debug|x64
		Debug|x86 = Debug|x86
		Release|x64 = Release|x64
		Release|x86 = Release|x86
	EndGlobalSection
	GlobalSection(ProjectConfigurationPlatforms) = postSolution
		{D3E1B27B-7F0C-4B8C-833A-7D5CBAB90305}.Debug|x64.ActiveCfg = Debug|x64
		{D3E1B27B-7F0C-4B8C-833A-7D5CBAB90305}.Debug|x64.Build.0 = Debug|x64
		{D3E1B27B-7F0C-4B8C-833A-7D5CBAB90305}.Debug|x86.ActiveCfg = Debug|Win32
		{D3E1B27B-7F0C-4B8C-833A-7D5CBAB90305}.Debug|x86.Build.0 = Debug|Win32
		{D3E1B27B-7F0C-4B8C-833A-7D5CBAB90305}.Release|x64.ActiveCfg = Release|x64
		{D3E1B27B-7F0C-4B8C-833A-7D5CBAB90305}.Release|x64.Build.0 = Release|x64
		{D3E1B27B-7F0C-4B8C-833A-7D5CBAB90305}.Release|x86.ActiveCfg = Release|Win32
		{D3E1B27B-7F0C-4B8C-833A-7D5CBAB90305}.Release|x86.Build.0 = Release|Win32
	EndGlobalSection
	GlobalSection(SolutionProperties) = preSolution
		HideSolutionNode = FALSE
	EndGlobalSection
	GlobalSection(ExtensibilityGlobals) = postSolution
		SolutionGuid = {B4D4092F-0E9E-4095-8CB8-FA69E307432D}
	EndGlobalSection
EndGlobal
