
Microsoft Visual Studio Solution File, Format Version 12.00
# Visual Studio Version 17
VisualStudioVersion = 17.13.35919.96 d17.13
MinimumVisualStudioVersion = 10.0.40219.1
Project("{8BC9CEB8-8B4A-11D0-8D11-00A0C91BC942}") = "poblem46", "poblem46\poblem46.vcxproj", "{10AB41A0-A713-40A2-AC85-D41016C6C445}"
EndProject
Global
	GlobalSection(SolutionConfigurationPlatforms) = preSolution
		Debug|x64 = Debug|x64
		Debug|x86 = Debug|x86
		Release|x64 = Release|x64
		Release|x86 = Release|x86
	EndGlobalSection
	GlobalSection(ProjectConfigurationPlatforms) = postSolution
		{10AB41A0-A713-40A2-AC85-D41016C6C445}.Debug|x64.ActiveCfg = Debug|x64
		{10AB41A0-A713-40A2-AC85-D41016C6C445}.Debug|x64.Build.0 = Debug|x64
		{10AB41A0-A713-40A2-AC85-D41016C6C445}.Debug|x86.ActiveCfg = Debug|Win32
		{10AB41A0-A713-40A2-AC85-D41016C6C445}.Debug|x86.Build.0 = Debug|Win32
		{10AB41A0-A713-40A2-AC85-D41016C6C445}.Release|x64.ActiveCfg = Release|x64
		{10AB41A0-A713-40A2-AC85-D41016C6C445}.Release|x64.Build.0 = Release|x64
		{10AB41A0-A713-40A2-AC85-D41016C6C445}.Release|x86.ActiveCfg = Release|Win32
		{10AB41A0-A713-40A2-AC85-D41016C6C445}.Release|x86.Build.0 = Release|Win32
	EndGlobalSection
	GlobalSection(SolutionProperties) = preSolution
		HideSolutionNode = FALSE
	EndGlobalSection
	GlobalSection(ExtensibilityGlobals) = postSolution
		SolutionGuid = {320DFB23-228B-49CA-A240-66E7E2CE35D9}
	EndGlobalSection
EndGlobal
