
Microsoft Visual Studio Solution File, Format Version 12.00
# Visual Studio Version 17
VisualStudioVersion = 17.13.35919.96 d17.13
MinimumVisualStudioVersion = 10.0.40219.1
Project("{8BC9CEB8-8B4A-11D0-8D11-00A0C91BC942}") = "problem366", "problem366\problem366.vcxproj", "{F044E909-4B5E-4CE5-9AAD-2211CC8570FA}"
EndProject
Global
	GlobalSection(SolutionConfigurationPlatforms) = preSolution
		Debug|x64 = Debug|x64
		Debug|x86 = Debug|x86
		Release|x64 = Release|x64
		Release|x86 = Release|x86
	EndGlobalSection
	GlobalSection(ProjectConfigurationPlatforms) = postSolution
		{F044E909-4B5E-4CE5-9AAD-2211CC8570FA}.Debug|x64.ActiveCfg = Debug|x64
		{F044E909-4B5E-4CE5-9AAD-2211CC8570FA}.Debug|x64.Build.0 = Debug|x64
		{F044E909-4B5E-4CE5-9AAD-2211CC8570FA}.Debug|x86.ActiveCfg = Debug|Win32
		{F044E909-4B5E-4CE5-9AAD-2211CC8570FA}.Debug|x86.Build.0 = Debug|Win32
		{F044E909-4B5E-4CE5-9AAD-2211CC8570FA}.Release|x64.ActiveCfg = Release|x64
		{F044E909-4B5E-4CE5-9AAD-2211CC8570FA}.Release|x64.Build.0 = Release|x64
		{F044E909-4B5E-4CE5-9AAD-2211CC8570FA}.Release|x86.ActiveCfg = Release|Win32
		{F044E909-4B5E-4CE5-9AAD-2211CC8570FA}.Release|x86.Build.0 = Release|Win32
	EndGlobalSection
	GlobalSection(SolutionProperties) = preSolution
		HideSolutionNode = FALSE
	EndGlobalSection
	GlobalSection(ExtensibilityGlobals) = postSolution
		SolutionGuid = {492FDF8C-2FD2-4BED-945C-E56D236FCDC5}
	EndGlobalSection
EndGlobal
