
Microsoft Visual Studio Solution File, Format Version 12.00
# Visual Studio Version 17
VisualStudioVersion = 17.13.35919.96 d17.13
MinimumVisualStudioVersion = 10.0.40219.1
Project("{8BC9CEB8-8B4A-11D0-8D11-00A0C91BC942}") = "problem24", "problem24\problem24.vcxproj", "{429561BF-8F82-48A0-89A8-CD0EDF799FE3}"
EndProject
Global
	GlobalSection(SolutionConfigurationPlatforms) = preSolution
		Debug|x64 = Debug|x64
		Debug|x86 = Debug|x86
		Release|x64 = Release|x64
		Release|x86 = Release|x86
	EndGlobalSection
	GlobalSection(ProjectConfigurationPlatforms) = postSolution
		{429561BF-8F82-48A0-89A8-CD0EDF799FE3}.Debug|x64.ActiveCfg = Debug|x64
		{429561BF-8F82-48A0-89A8-CD0EDF799FE3}.Debug|x64.Build.0 = Debug|x64
		{429561BF-8F82-48A0-89A8-CD0EDF799FE3}.Debug|x86.ActiveCfg = Debug|Win32
		{429561BF-8F82-48A0-89A8-CD0EDF799FE3}.Debug|x86.Build.0 = Debug|Win32
		{429561BF-8F82-48A0-89A8-CD0EDF799FE3}.Release|x64.ActiveCfg = Release|x64
		{429561BF-8F82-48A0-89A8-CD0EDF799FE3}.Release|x64.Build.0 = Release|x64
		{429561BF-8F82-48A0-89A8-CD0EDF799FE3}.Release|x86.ActiveCfg = Release|Win32
		{429561BF-8F82-48A0-89A8-CD0EDF799FE3}.Release|x86.Build.0 = Release|Win32
	EndGlobalSection
	GlobalSection(SolutionProperties) = preSolution
		HideSolutionNode = FALSE
	EndGlobalSection
	GlobalSection(ExtensibilityGlobals) = postSolution
		SolutionGuid = {94E8A534-C82A-4FB6-AF7D-D0932B72FBC4}
	EndGlobalSection
EndGlobal
